
Microsoft Visual Studio Solution File, Format Version 12.00
# Visual Studio Version 17
VisualStudioVersion = 17.7.34031.279
MinimumVisualStudioVersion = 10.0.40219.1
Project("{8BC9CEB8-8B4A-11D0-8D11-00A0C91BC942}") = "discrete1", "discrete1\discrete1.vcxproj", "{8B05BBEC-FFBE-452A-97D6-76B6DF8B6CEF}"
EndProject
Global
	GlobalSection(SolutionConfigurationPlatforms) = preSolution
		Debug|x64 = Debug|x64
		Debug|x86 = Debug|x86
		Release|x64 = Release|x64
		Release|x86 = Release|x86
	EndGlobalSection
	GlobalSection(ProjectConfigurationPlatforms) = postSolution
		{8B05BBEC-FFBE-452A-97D6-76B6DF8B6CEF}.Debug|x64.ActiveCfg = Debug|x64
		{8B05BBEC-FFBE-452A-97D6-76B6DF8B6CEF}.Debug|x64.Build.0 = Debug|x64
		{8B05BBEC-FFBE-452A-97D6-76B6DF8B6CEF}.Debug|x86.ActiveCfg = Debug|Win32
		{8B05BBEC-FFBE-452A-97D6-76B6DF8B6CEF}.Debug|x86.Build.0 = Debug|Win32
		{8B05BBEC-FFBE-452A-97D6-76B6DF8B6CEF}.Release|x64.ActiveCfg = Release|x64
		{8B05BBEC-FFBE-452A-97D6-76B6DF8B6CEF}.Release|x64.Build.0 = Release|x64
		{8B05BBEC-FFBE-452A-97D6-76B6DF8B6CEF}.Release|x86.ActiveCfg = Release|Win32
		{8B05BBEC-FFBE-452A-97D6-76B6DF8B6CEF}.Release|x86.Build.0 = Release|Win32
	EndGlobalSection
	GlobalSection(SolutionProperties) = preSolution
		HideSolutionNode = FALSE
	EndGlobalSection
	GlobalSection(ExtensibilityGlobals) = postSolution
		SolutionGuid = {AACBBE43-879D-4580-B63D-A16010BDCB56}
	EndGlobalSection
EndGlobal
